
Microsoft Visual Studio Solution File, Format Version 12.00
# Visual Studio Version 17
VisualStudioVersion = 17.0.31903.59
MinimumVisualStudioVersion = 10.0.40219.1
Project("{2150E333-8FDC-42A3-9474-1A3956D46DE8}") = "backend", "backend", "{1AE8ACA6-933B-BF2A-3671-3E2EAC007D16}"
EndProject
Project("{FAE04EC0-301F-11D3-BF4B-00C04F79EFBC}") = "Cdb.Calculadora.Api", "backend\Cdb.Calculadora.Api\Cdb.Calculadora.Api.csproj", "{DA9320AF-E79E-4F6B-8C3F-B82280413DF6}"
EndProject
Project("{FAE04EC0-301F-11D3-BF4B-00C04F79EFBC}") = "Cdb.Calculadora.Application", "backend\Cdb.Calculadora.Application\Cdb.Calculadora.Application.csproj", "{CFFFB027-BB83-419E-A245-2ACCC50FF818}"
EndProject
Project("{FAE04EC0-301F-11D3-BF4B-00C04F79EFBC}") = "Cdb.Calculadora.Domain", "backend\Cdb.Calculadora.Domain\Cdb.Calculadora.Domain.csproj", "{47099B9B-D789-4A87-B2BD-FB1D65A00D20}"
EndProject
Project("{FAE04EC0-301F-11D3-BF4B-00C04F79EFBC}") = "Cdb.Calculadora.Tests", "backend\Cdb.Calculadora.Tests\Cdb.Calculadora.Tests.csproj", "{263EB26B-1F62-4DB0-98D9-3E9D3BF057CB}"
EndProject
Global
	GlobalSection(SolutionConfigurationPlatforms) = preSolution
		Debug|Any CPU = Debug|Any CPU
		Debug|x64 = Debug|x64
		Debug|x86 = Debug|x86
		Release|Any CPU = Release|Any CPU
		Release|x64 = Release|x64
		Release|x86 = Release|x86
	EndGlobalSection
	GlobalSection(ProjectConfigurationPlatforms) = postSolution
		{DA9320AF-E79E-4F6B-8C3F-B82280413DF6}.Debug|Any CPU.ActiveCfg = Debug|Any CPU
		{DA9320AF-E79E-4F6B-8C3F-B82280413DF6}.Debug|Any CPU.Build.0 = Debug|Any CPU
		{DA9320AF-E79E-4F6B-8C3F-B82280413DF6}.Debug|x64.ActiveCfg = Debug|Any CPU
		{DA9320AF-E79E-4F6B-8C3F-B82280413DF6}.Debug|x64.Build.0 = Debug|Any CPU
		{DA9320AF-E79E-4F6B-8C3F-B82280413DF6}.Debug|x86.ActiveCfg = Debug|Any CPU
		{DA9320AF-E79E-4F6B-8C3F-B82280413DF6}.Debug|x86.Build.0 = Debug|Any CPU
		{DA9320AF-E79E-4F6B-8C3F-B82280413DF6}.Release|Any CPU.ActiveCfg = Release|Any CPU
		{DA9320AF-E79E-4F6B-8C3F-B82280413DF6}.Release|Any CPU.Build.0 = Release|Any CPU
		{DA9320AF-E79E-4F6B-8C3F-B82280413DF6}.Release|x64.ActiveCfg = Release|Any CPU
		{DA9320AF-E79E-4F6B-8C3F-B82280413DF6}.Release|x64.Build.0 = Release|Any CPU
		{DA9320AF-E79E-4F6B-8C3F-B82280413DF6}.Release|x86.ActiveCfg = Release|Any CPU
		{DA9320AF-E79E-4F6B-8C3F-B82280413DF6}.Release|x86.Build.0 = Release|Any CPU
		{CFFFB027-BB83-419E-A245-2ACCC50FF818}.Debug|Any CPU.ActiveCfg = Debug|Any CPU
		{CFFFB027-BB83-419E-A245-2ACCC50FF818}.Debug|Any CPU.Build.0 = Debug|Any CPU
		{CFFFB027-BB83-419E-A245-2ACCC50FF818}.Debug|x64.ActiveCfg = Debug|Any CPU
		{CFFFB027-BB83-419E-A245-2ACCC50FF818}.Debug|x64.Build.0 = Debug|Any CPU
		{CFFFB027-BB83-419E-A245-2ACCC50FF818}.Debug|x86.ActiveCfg = Debug|Any CPU
		{CFFFB027-BB83-419E-A245-2ACCC50FF818}.Debug|x86.Build.0 = Debug|Any CPU
		{CFFFB027-BB83-419E-A245-2ACCC50FF818}.Release|Any CPU.ActiveCfg = Release|Any CPU
		{CFFFB027-BB83-419E-A245-2ACCC50FF818}.Release|Any CPU.Build.0 = Release|Any CPU
		{CFFFB027-BB83-419E-A245-2ACCC50FF818}.Release|x64.ActiveCfg = Release|Any CPU
		{CFFFB027-BB83-419E-A245-2ACCC50FF818}.Release|x64.Build.0 = Release|Any CPU
		{CFFFB027-BB83-419E-A245-2ACCC50FF818}.Release|x86.ActiveCfg = Release|Any CPU
		{CFFFB027-BB83-419E-A245-2ACCC50FF818}.Release|x86.Build.0 = Release|Any CPU
		{47099B9B-D789-4A87-B2BD-FB1D65A00D20}.Debug|Any CPU.ActiveCfg = Debug|Any CPU
		{47099B9B-D789-4A87-B2BD-FB1D65A00D20}.Debug|Any CPU.Build.0 = Debug|Any CPU
		{47099B9B-D789-4A87-B2BD-FB1D65A00D20}.Debug|x64.ActiveCfg = Debug|Any CPU
		{47099B9B-D789-4A87-B2BD-FB1D65A00D20}.Debug|x64.Build.0 = Debug|Any CPU
		{47099B9B-D789-4A87-B2BD-FB1D65A00D20}.Debug|x86.ActiveCfg = Debug|Any CPU
		{47099B9B-D789-4A87-B2BD-FB1D65A00D20}.Debug|x86.Build.0 = Debug|Any CPU
		{47099B9B-D789-4A87-B2BD-FB1D65A00D20}.Release|Any CPU.ActiveCfg = Release|Any CPU
		{47099B9B-D789-4A87-B2BD-FB1D65A00D20}.Release|Any CPU.Build.0 = Release|Any CPU
		{47099B9B-D789-4A87-B2BD-FB1D65A00D20}.Release|x64.ActiveCfg = Release|Any CPU
		{47099B9B-D789-4A87-B2BD-FB1D65A00D20}.Release|x64.Build.0 = Release|Any CPU
		{47099B9B-D789-4A87-B2BD-FB1D65A00D20}.Release|x86.ActiveCfg = Release|Any CPU
		{47099B9B-D789-4A87-B2BD-FB1D65A00D20}.Release|x86.Build.0 = Release|Any CPU
		{263EB26B-1F62-4DB0-98D9-3E9D3BF057CB}.Debug|Any CPU.ActiveCfg = Debug|Any CPU
		{263EB26B-1F62-4DB0-98D9-3E9D3BF057CB}.Debug|Any CPU.Build.0 = Debug|Any CPU
		{263EB26B-1F62-4DB0-98D9-3E9D3BF057CB}.Debug|x64.ActiveCfg = Debug|Any CPU
		{263EB26B-1F62-4DB0-98D9-3E9D3BF057CB}.Debug|x64.Build.0 = Debug|Any CPU
		{263EB26B-1F62-4DB0-98D9-3E9D3BF057CB}.Debug|x86.ActiveCfg = Debug|Any CPU
		{263EB26B-1F62-4DB0-98D9-3E9D3BF057CB}.Debug|x86.Build.0 = Debug|Any CPU
		{263EB26B-1F62-4DB0-98D9-3E9D3BF057CB}.Release|Any CPU.ActiveCfg = Release|Any CPU
		{263EB26B-1F62-4DB0-98D9-3E9D3BF057CB}.Release|Any CPU.Build.0 = Release|Any CPU
		{263EB26B-1F62-4DB0-98D9-3E9D3BF057CB}.Release|x64.ActiveCfg = Release|Any CPU
		{263EB26B-1F62-4DB0-98D9-3E9D3BF057CB}.Release|x64.Build.0 = Release|Any CPU
		{263EB26B-1F62-4DB0-98D9-3E9D3BF057CB}.Release|x86.ActiveCfg = Release|Any CPU
		{263EB26B-1F62-4DB0-98D9-3E9D3BF057CB}.Release|x86.Build.0 = Release|Any CPU
	EndGlobalSection
	GlobalSection(SolutionProperties) = preSolution
		HideSolutionNode = FALSE
	EndGlobalSection
	GlobalSection(NestedProjects) = preSolution
		{DA9320AF-E79E-4F6B-8C3F-B82280413DF6} = {1AE8ACA6-933B-BF2A-3671-3E2EAC007D16}
		{CFFFB027-BB83-419E-A245-2ACCC50FF818} = {1AE8ACA6-933B-BF2A-3671-3E2EAC007D16}
		{47099B9B-D789-4A87-B2BD-FB1D65A00D20} = {1AE8ACA6-933B-BF2A-3671-3E2EAC007D16}
		{263EB26B-1F62-4DB0-98D9-3E9D3BF057CB} = {1AE8ACA6-933B-BF2A-3671-3E2EAC007D16}
	EndGlobalSection
EndGlobal
